{
  "lockfile_version": "1",
  "packages": {
    "github:NixOS/nixpkgs/nixpkgs-unstable": {
      "last_modified": "2025-12-27T12:56:01Z",
      "resolved": "github:NixOS/nixpkgs/3edc4a30ed3903fdf6f90c837f961fa6b49582d1?lastModified=1766840161&narHash=sha256-Ss%2FLHpJJsng8vz1Pe33RSGIWUOcqM1fjrehjUkdrWio%3D"
    },
    "helmfile@latest": {
      "last_modified": "2025-11-23T21:50:36Z",
      "resolved": "github:NixOS/nixpkgs/ee09932cedcef15aaf476f9343d1dea2cb77e261#helmfile",
      "source": "devbox-search",
      "version": "1.1.9",
      "systems": {
        "aarch64-darwin": {
          "outputs": [
            {
              "name": "out",
              "path": "/nix/store/fxv20xqxy0qyb06pcgk5d0m59j4v8vmh-helmfile-1.1.9",
              "default": true
            }
          ],
          "store_path": "/nix/store/fxv20xqxy0qyb06pcgk5d0m59j4v8vmh-helmfile-1.1.9"
        },
        "aarch64-linux": {
          "outputs": [
            {
              "name": "out",
              "path": "/nix/store/bm87ycprilhnfml8y5g3jpqrps612rvm-helmfile-1.1.9",
              "default": true
            }
          ],
          "store_path": "/nix/store/bm87ycprilhnfml8y5g3jpqrps612rvm-helmfile-1.1.9"
        },
        "x86_64-darwin": {
          "outputs": [
            {
              "name": "out",
              "path": "/nix/store/g68v1fcjxslcrcsf3963xsrybyasd5x7-helmfile-1.1.9",
              "default": true
            }
          ],
          "store_path": "/nix/store/g68v1fcjxslcrcsf3963xsrybyasd5x7-helmfile-1.1.9"
        },
        "x86_64-linux": {
          "outputs": [
            {
              "name": "out",
              "path": "/nix/store/pfrs5s57zpd3r8f6bzz14c4p6f0gjj7m-helmfile-1.1.9",
              "default": true
            }
          ],
          "store_path": "/nix/store/pfrs5s57zpd3r8f6bzz14c4p6f0gjj7m-helmfile-1.1.9"
        }
      }
    },
    "k3d@latest": {
      "last_modified": "2025-11-23T21:50:36Z",
      "resolved": "github:NixOS/nixpkgs/ee09932cedcef15aaf476f9343d1dea2cb77e261#k3d",
      "source": "devbox-search",
      "version": "5.8.3",
      "systems": {
        "aarch64-darwin": {
          "outputs": [
            {
              "name": "out",
              "path": "/nix/store/b1qafxaqqljya945220z2w3m5cfqzdfq-k3d-5.8.3",
              "default": true
            }
          ],
          "store_path": "/nix/store/b1qafxaqqljya945220z2w3m5cfqzdfq-k3d-5.8.3"
        },
        "aarch64-linux": {
          "outputs": [
            {
              "name": "out",
              "path": "/nix/store/liykpa9sd520sfr308mpwvsql628kg2y-k3d-5.8.3",
              "default": true
            }
          ],
          "store_path": "/nix/store/liykpa9sd520sfr308mpwvsql628kg2y-k3d-5.8.3"
        },
        "x86_64-darwin": {
          "outputs": [
            {
              "name": "out",
              "path": "/nix/store/q49mqnf86a6n4pw9vwsi00zy81d8c6sm-k3d-5.8.3",
              "default": true
            }
          ],
          "store_path": "/nix/store/q49mqnf86a6n4pw9vwsi00zy81d8c6sm-k3d-5.8.3"
        },
        "x86_64-linux": {
          "outputs": [
            {
              "name": "out",
              "path": "/nix/store/hi4rn8kqr7msicf95yagf501pa90pxzz-k3d-5.8.3",
              "default": true
            }
          ],
          "store_path": "/nix/store/hi4rn8kqr7msicf95yagf501pa90pxzz-k3d-5.8.3"
        }
      }
    },
    "k9s@latest": {
      "last_modified": "2025-11-23T21:50:36Z",
      "resolved": "github:NixOS/nixpkgs/ee09932cedcef15aaf476f9343d1dea2cb77e261#k9s",
      "source": "devbox-search",
      "version": "0.50.16",
      "systems": {
        "aarch64-darwin": {
          "outputs": [
            {
              "name": "out",
              "path": "/nix/store/7w9y9pw23xy1g6lahacdqalkflf2b713-k9s-0.50.16",
              "default": true
            }
          ],
          "store_path": "/nix/store/7w9y9pw23xy1g6lahacdqalkflf2b713-k9s-0.50.16"
        },
        "aarch64-linux": {
          "outputs": [
            {
              "name": "out",
              "path": "/nix/store/lp85svzq5n4xl3v18jmi0sga1glkbx47-k9s-0.50.16",
              "default": true
            }
          ],
          "store_path": "/nix/store/lp85svzq5n4xl3v18jmi0sga1glkbx47-k9s-0.50.16"
        },
        "x86_64-darwin": {
          "outputs": [
            {
              "name": "out",
              "path": "/nix/store/bjzs9wn700s1mkh9qmydvvr4n21xav5r-k9s-0.50.16",
              "default": true
            }
          ],
          "store_path": "/nix/store/bjzs9wn700s1mkh9qmydvvr4n21xav5r-k9s-0.50.16"
        },
        "x86_64-linux": {
          "outputs": [
            {
              "name": "out",
              "path": "/nix/store/b31w4n54rbhgzzh21xyrkag0i8ipqz2h-k9s-0.50.16",
              "default": true
            }
          ],
          "store_path": "/nix/store/b31w4n54rbhgzzh21xyrkag0i8ipqz2h-k9s-0.50.16"
        }
      }
    },
    "kubernetes-helm@latest": {
      "last_modified": "2025-11-23T21:50:36Z",
      "resolved": "github:NixOS/nixpkgs/ee09932cedcef15aaf476f9343d1dea2cb77e261#kubernetes-helm",
      "source": "devbox-search",
      "version": "3.19.1",
      "systems": {
        "aarch64-darwin": {
          "outputs": [
            {
              "name": "out",
              "path": "/nix/store/xx21h4bmbmhncdlhw5q7gp3wx50x0y5g-kubernetes-helm-3.19.1",
              "default": true
            }
          ],
          "store_path": "/nix/store/xx21h4bmbmhncdlhw5q7gp3wx50x0y5g-kubernetes-helm-3.19.1"
        },
        "aarch64-linux": {
          "outputs": [
            {
              "name": "out",
              "path": "/nix/store/s702f0l23v078mm6jkrbc7bx0qpjrzwm-kubernetes-helm-3.19.1",
              "default": true
            }
          ],
          "store_path": "/nix/store/s702f0l23v078mm6jkrbc7bx0qpjrzwm-kubernetes-helm-3.19.1"
        },
        "x86_64-darwin": {
          "outputs": [
            {
              "name": "out",
              "path": "/nix/store/z2is6ibqddfxx8mb1hybly00hb902h85-kubernetes-helm-3.19.1",
              "default": true
            }
          ],
          "store_path": "/nix/store/z2is6ibqddfxx8mb1hybly00hb902h85-kubernetes-helm-3.19.1"
        },
        "x86_64-linux": {
          "outputs": [
            {
              "name": "out",
              "path": "/nix/store/b7g7s0jpfs93g7s1b556166mcswbkmcx-kubernetes-helm-3.19.1",
              "default": true
            }
          ],
          "store_path": "/nix/store/b7g7s0jpfs93g7s1b556166mcswbkmcx-kubernetes-helm-3.19.1"
        }
      }
    }
  }
}
