dependencies:
- name: sonarr
  repository: oci://oci.trueforge.org/truecharts
  version: 25.2.22
- name: radarr
  repository: oci://oci.trueforge.org/truecharts
  version: 26.3.22
- name: prowlarr
  repository: oci://oci.trueforge.org/truecharts
  version: 21.3.23
- name: qbittorrent
  repository: oci://oci.trueforge.org/truecharts
  version: 24.2.23
- name: jellyseerr
  repository: oci://oci.trueforge.org/truecharts
  version: 13.13.24
- name: jellyfin
  repository: oci://oci.trueforge.org/truecharts
  version: 22.2.34
- name: flaresolverr
  repository: oci://oci.trueforge.org/truecharts
  version: 16.14.18
- name: bazarr
  repository: oci://oci.trueforge.org/truecharts
  version: 23.2.22
- name: audiobookshelf
  repository: oci://oci.trueforge.org/truecharts
  version: 12.20.15
- name: auralarchive
  repository: file://charts/auralarchive
  version: 0.1.0
digest: sha256:76e09232b0a7605410256bfc982fc983319266e49966a98c0932d82e590ddcdc
generated: "2026-02-15T12:27:58.80504717Z"
