dependencies:
- name: sonarr
  repository: oci://oci.trueforge.org/truecharts
  version: 25.2.20
- name: radarr
  repository: oci://oci.trueforge.org/truecharts
  version: 26.3.20
- name: prowlarr
  repository: oci://oci.trueforge.org/truecharts
  version: 21.3.21
- name: qbittorrent
  repository: oci://oci.trueforge.org/truecharts
  version: 24.2.22
- name: jellyseerr
  repository: oci://oci.trueforge.org/truecharts
  version: 13.13.23
- name: jellyfin
  repository: oci://oci.trueforge.org/truecharts
  version: 22.2.33
- name: flaresolverr
  repository: oci://oci.trueforge.org/truecharts
  version: 16.14.18
- name: bazarr
  repository: oci://oci.trueforge.org/truecharts
  version: 23.2.21
- name: audiobookshelf
  repository: oci://oci.trueforge.org/truecharts
  version: 12.20.14
- name: auralarchive
  repository: file://charts/auralarchive
  version: 0.1.0
digest: sha256:3ad1f9a591a6553bcef244dc79f2f3a78c1ad885464dce0ed3fa91c88dcd1e74
generated: "2026-02-15T14:47:55.18290915Z"
