dependencies:
- name: sonarr
  repository: oci://oci.trueforge.org/truecharts
  version: 25.2.22
- name: radarr
  repository: oci://oci.trueforge.org/truecharts
  version: 26.3.20
- name: prowlarr
  repository: oci://oci.trueforge.org/truecharts
  version: 21.3.21
- name: qbittorrent
  repository: oci://oci.trueforge.org/truecharts
  version: 24.2.22
- name: jellyseerr
  repository: oci://oci.trueforge.org/truecharts
  version: 13.13.23
- name: jellyfin
  repository: oci://oci.trueforge.org/truecharts
  version: 22.2.33
- name: flaresolverr
  repository: oci://oci.trueforge.org/truecharts
  version: 16.14.17
- name: bazarr
  repository: oci://oci.trueforge.org/truecharts
  version: 23.2.21
- name: audiobookshelf
  repository: oci://oci.trueforge.org/truecharts
  version: 12.20.14
- name: auralarchive
  repository: file://charts/auralarchive
  version: 0.1.0
digest: sha256:b17481b783150a47c12776c6f2cfaae60aad6e2bd9742322440702dc18881d2e
generated: "2026-02-15T14:49:35.371464543Z"
